{
  "nodes": {
    "nixpkgs": {
      "locked": {
        "lastModified": 1757056986,
        "narHash": "sha256-IJTl+SyZq38HZmR1mR6f1KvnQ0igfqnqrEvzKEGEtEA=",
        "rev": "5bdcc888361c30db87c2d99f7795ac2a91c9aa11",
        "type": "tarball",
        "url": "https://releases.nixos.org/nixos/unstable-small/nixos-25.11pre856773.5bdcc888361c/nixexprs.tar.xz"
      },
      "original": {
        "type": "tarball",
        "url": "https://channels.nixos.org/nixos-unstable-small/nixexprs.tar.xz"
      }
    },
    "root": {
      "inputs": {
        "nixpkgs": "nixpkgs"
      }
    }
  },
  "root": "root",
  "version": 7
}
