{
  "nodes": {
    "nixpkgs": {
      "locked": {
        "lastModified": 1776949667,
        "narHash": "sha256-Kq5uL1t/WUp+Z3CjXDpoE9seUiUNLqHN3FkiIjneWeA=",
        "rev": "01fbdeef22b76df85ea168fbfe1bfd9e63681b30",
        "type": "tarball",
        "url": "https://releases.nixos.org/nixpkgs/nixpkgs-26.05pre985930.01fbdeef22b7/nixexprs.tar.xz"
      },
      "original": {
        "type": "tarball",
        "url": "https://channels.nixos.org/nixpkgs-unstable/nixexprs.tar.xz"
      }
    },
    "root": {
      "inputs": {
        "nixpkgs": "nixpkgs",
        "zig": "zig"
      }
    },
    "zig": {
      "inputs": {
        "nixpkgs": [
          "nixpkgs"
        ]
      },
      "locked": {
        "lastModified": 1777896780,
        "narHash": "sha256-xd8GXG0GALLdLrtPCykyqkqyPgCFoxpSnQYQ6UlC9vE=",
        "ref": "refs/heads/main",
        "rev": "6b836bae047ff4e4c21b7c0ad997370aaada11be",
        "revCount": 1682,
        "type": "git",
        "url": "https://codeberg.org/jcollie/zig-overlay.git"
      },
      "original": {
        "type": "git",
        "url": "https://codeberg.org/jcollie/zig-overlay.git"
      }
    }
  },
  "root": "root",
  "version": 7
}
